
Microsoft Visual Studio Solution File, Format Version 12.00
# Visual Studio Version 17
VisualStudioVersion = 17.3.32901.215
MinimumVisualStudioVersion = 10.0.40219.1
Project("{FAE04EC0-301F-11D3-BF4B-00C04F79EFBC}") = "Practice_Inheritance", "Practice_Inheritance.csproj", "{A57DAD3D-D2B2-4869-B12F-3353CBB4928B}"
EndProject
Global
	GlobalSection(SolutionConfigurationPlatforms) = preSolution
		Debug|Any CPU = Debug|Any CPU
		Release|Any CPU = Release|Any CPU
	EndGlobalSection
	GlobalSection(ProjectConfigurationPlatforms) = postSolution
		{A57DAD3D-D2B2-4869-B12F-3353CBB4928B}.Debug|Any CPU.ActiveCfg = Debug|Any CPU
		{A57DAD3D-D2B2-4869-B12F-3353CBB4928B}.Debug|Any CPU.Build.0 = Debug|Any CPU
		{A57DAD3D-D2B2-4869-B12F-3353CBB4928B}.Release|Any CPU.ActiveCfg = Release|Any CPU
		{A57DAD3D-D2B2-4869-B12F-3353CBB4928B}.Release|Any CPU.Build.0 = Release|Any CPU
	EndGlobalSection
	GlobalSection(SolutionProperties) = preSolution
		HideSolutionNode = FALSE
	EndGlobalSection
	GlobalSection(ExtensibilityGlobals) = postSolution
		SolutionGuid = {62CC4B55-03BD-4F95-9E32-2243A8EE223E}
	EndGlobalSection
EndGlobal
